
Microsoft Visual Studio Solution File, Format Version 12.00
# Visual Studio 15
VisualStudioVersion = 15.0.28307.902
MinimumVisualStudioVersion = 10.0.40219.1
Project("{9A19103F-16F7-4668-BE54-9A1E7A4F7556}") = "CFXTranscoreProjects", "CFX.Transcore\CFXTranscoreProjects.csproj", "{D2E30632-413B-4521-96CC-858EBDA42A9D}"
EndProject
Global
	GlobalSection(SolutionConfigurationPlatforms) = preSolution
		Debug|Any CPU = Debug|Any CPU
		Release|Any CPU = Release|Any CPU
	EndGlobalSection
	GlobalSection(ProjectConfigurationPlatforms) = postSolution
		{D2E30632-413B-4521-96CC-858EBDA42A9D}.Debug|Any CPU.ActiveCfg = Debug|Any CPU
		{D2E30632-413B-4521-96CC-858EBDA42A9D}.Debug|Any CPU.Build.0 = Debug|Any CPU
		{D2E30632-413B-4521-96CC-858EBDA42A9D}.Release|Any CPU.ActiveCfg = Release|Any CPU
		{D2E30632-413B-4521-96CC-858EBDA42A9D}.Release|Any CPU.Build.0 = Release|Any CPU
	EndGlobalSection
	GlobalSection(SolutionProperties) = preSolution
		HideSolutionNode = FALSE
	EndGlobalSection
	GlobalSection(ExtensibilityGlobals) = postSolution
		SolutionGuid = {CF1F4231-C0B3-4630-AA19-C5964EA6B089}
	EndGlobalSection
	GlobalSection(TeamFoundationVersionControl) = preSolution
		SccNumberOfProjects = 2
		SccEnterpriseProvider = {4CA58AB2-18FA-4F8D-95D4-32DDF27D184C}
		SccTeamFoundationServer = https://dev.azure.com/puvvalaj
		SccLocalPath0 = .
		SccProjectUniqueName1 = CFX.Transcore\\CFXTranscoreProjects.csproj
		SccProjectName1 = CFX.Transcore
		SccLocalPath1 = CFX.Transcore
	EndGlobalSection
EndGlobal
